<?xml version="1.0" encoding="utf-8"?>
<Project ToolsVersion="4.0" xmlns="http://schemas.microsoft.com/developer/msbuild/2003">
  <ItemGroup>
    <Filter Include="Source Files">
      <UniqueIdentifier>{4FC737F1-C7A5-4376-A066-2A32D752A2FF}</UniqueIdentifier>
      <Extensions>cpp;c;cc;cxx;c++;cppm;ixx;def;odl;idl;hpj;bat;asm;asmx</Extensions>
    </Filter>
    <Filter Include="Header Files">
      <UniqueIdentifier>{93995380-89BD-4b04-88EB-625FBE52EBFB}</UniqueIdentifier>
      <Extensions>h;hh;hpp;hxx;h++;hm;inl;inc;ipp;xsd</Extensions>
    </Filter>
    <Filter Include="Resource Files">
      <UniqueIdentifier>{67DA6AB6-F800-4c08-8B7A-83BB121AAD01}</UniqueIdentifier>
      <Extensions>rc;ico;cur;bmp;dlg;rc2;rct;bin;rgs;gif;jpg;jpeg;jpe;resx;tiff;tif;png;wav;mfcribbon-ms</Extensions>
    </Filter>
    <Filter Include="Source Files\imgui">
      <UniqueIdentifier>{1a67edce-92e5-4d67-8bae-bb5b56ca764a}</UniqueIdentifier>
    </Filter>
    <Filter Include="Source Files\Assignments">
      <UniqueIdentifier>{a89eeec8-2de8-4e90-9b51-824944537551}</UniqueIdentifier>
    </Filter>
  </ItemGroup>
  <ItemGroup>
    <ClInclude Include="..\headers\Application.h">
      <Filter>Header Files</Filter>
    </ClInclude>
    <ClInclude Include="..\headers\Camera.h">
      <Filter>Header Files</Filter>
    </ClInclude>
    <ClInclude Include="..\headers\Framebuffer.h">
      <Filter>Header Files</Filter>
    </ClInclude>
    <ClInclude Include="..\headers\globals.h">
      <Filter>Header Files</Filter>
    </ClInclude>
    <ClInclude Include="..\headers\Renderer.h">
      <Filter>Header Files</Filter>
    </ClInclude>
    <ClInclude Include="..\headers\StringUtil.h">
      <Filter>Header Files</Filter>
    </ClInclude>
    <ClInclude Include="..\headers\UIHelpers.h">
      <Filter>Header Files</Filter>
    </ClInclude>
    <ClInclude Include="..\headers\Texture.h">
      <Filter>Header Files</Filter>
    </ClInclude>
    <ClInclude Include="..\headers\Properties.h">
      <Filter>Header Files</Filter>
    </ClInclude>
    <ClInclude Include="..\headers\Input.h">
      <Filter>Header Files</Filter>
    </ClInclude>
    <ClInclude Include="..\headers\Tool.h">
      <Filter>Header Files</Filter>
    </ClInclude>
    <ClInclude Include="..\headers\GraphicsUtils.h">
      <Filter>Header Files</Filter>
    </ClInclude>
    <ClInclude Include="..\headers\Prompts.h">
      <Filter>Header Files</Filter>
    </ClInclude>
    <ClInclude Include="..\headers\InputOutput.h">
      <Filter>Header Files</Filter>
    </ClInclude>
    <ClInclude Include="..\headers\Assignment.h">
      <Filter>Header Files</Filter>
    </ClInclude>
    <ClInclude Include="..\headers\Lab02.h">
      <Filter>Header Files</Filter>
    </ClInclude>
    <ClInclude Include="..\headers\Lab03.h">
      <Filter>Header Files</Filter>
    </ClInclude>
    <ClInclude Include="..\headers\Primitives.h">
      <Filter>Header Files</Filter>
    </ClInclude>
    <ClInclude Include="..\headers\Lab04.h">
      <Filter>Header Files</Filter>
    </ClInclude>
    <ClInclude Include="..\headers\Lab05.h">
      <Filter>Header Files</Filter>
    </ClInclude>
    <ClInclude Include="..\headers\Lab06.h">
      <Filter>Header Files</Filter>
    </ClInclude>
    <ClInclude Include="..\headers\Lab07.h">
      <Filter>Header Files</Filter>
    </ClInclude>
    <ClInclude Include="..\headers\Project.h">
      <Filter>Header Files</Filter>
    </ClInclude>
    <ClInclude Include="..\headers\GPU.h">
      <Filter>Header Files</Filter>
    </ClInclude>
  </ItemGroup>
  <ItemGroup>
    <ClCompile Include="..\src\Application.cpp">
      <Filter>Source Files</Filter>
    </ClCompile>
    <ClCompile Include="..\src\Framebuffer.cpp">
      <Filter>Source Files</Filter>
    </ClCompile>
    <ClCompile Include="..\src\InputOutput.cpp">
      <Filter>Source Files</Filter>
    </ClCompile>
    <ClCompile Include="..\src\main.cpp">
      <Filter>Source Files</Filter>
    </ClCompile>
    <ClCompile Include="..\src\StringUtil.cpp">
      <Filter>Source Files</Filter>
    </ClCompile>
    <ClCompile Include="..\src\imgui\imgui.cpp">
      <Filter>Source Files\imgui</Filter>
    </ClCompile>
    <ClCompile Include="..\src\imgui\imgui_demo.cpp">
      <Filter>Source Files\imgui</Filter>
    </ClCompile>
    <ClCompile Include="..\src\imgui\imgui_draw.cpp">
      <Filter>Source Files\imgui</Filter>
    </ClCompile>
    <ClCompile Include="..\src\imgui\imgui_impl_glfw.cpp">
      <Filter>Source Files\imgui</Filter>
    </ClCompile>
    <ClCompile Include="..\src\imgui\imgui_impl_opengl3.cpp">
      <Filter>Source Files\imgui</Filter>
    </ClCompile>
    <ClCompile Include="..\src\imgui\imgui_tables.cpp">
      <Filter>Source Files\imgui</Filter>
    </ClCompile>
    <ClCompile Include="..\src\imgui\imgui_widgets.cpp">
      <Filter>Source Files\imgui</Filter>
    </ClCompile>
    <ClCompile Include="..\src\Texture.cpp">
      <Filter>Source Files</Filter>
    </ClCompile>
    <ClCompile Include="..\src\Properties.cpp">
      <Filter>Source Files</Filter>
    </ClCompile>
    <ClCompile Include="..\src\Input.cpp">
      <Filter>Source Files</Filter>
    </ClCompile>
    <ClCompile Include="..\src\Tool.cpp">
      <Filter>Source Files</Filter>
    </ClCompile>
    <ClCompile Include="..\src\imgui\GraphEditor.cpp">
      <Filter>Source Files\imgui</Filter>
    </ClCompile>
    <ClCompile Include="..\src\imgui\ImCurveEdit.cpp">
      <Filter>Source Files\imgui</Filter>
    </ClCompile>
    <ClCompile Include="..\src\imgui\ImGradient.cpp">
      <Filter>Source Files\imgui</Filter>
    </ClCompile>
    <ClCompile Include="..\src\imgui\ImGuizmo.cpp">
      <Filter>Source Files\imgui</Filter>
    </ClCompile>
    <ClCompile Include="..\src\imgui\ImSequencer.cpp">
      <Filter>Source Files\imgui</Filter>
    </ClCompile>
    <ClCompile Include="..\src\imgui\implot.cpp">
      <Filter>Source Files\imgui</Filter>
    </ClCompile>
    <ClCompile Include="..\src\imgui\implot_demo.cpp">
      <Filter>Source Files\imgui</Filter>
    </ClCompile>
    <ClCompile Include="..\src\imgui\implot_items.cpp">
      <Filter>Source Files\imgui</Filter>
    </ClCompile>
    <ClCompile Include="..\src\SoftwareRenderer.cpp">
      <Filter>Source Files</Filter>
    </ClCompile>
    <ClCompile Include="..\src\GraphicsUtils.cpp">
      <Filter>Source Files</Filter>
    </ClCompile>
    <ClCompile Include="..\src\Prompts.cpp">
      <Filter>Source Files</Filter>
    </ClCompile>
    <ClCompile Include="..\src\Assignments\Lab02.cpp">
      <Filter>Source Files\Assignments</Filter>
    </ClCompile>
    <ClCompile Include="..\src\Assignments\Lab03.cpp">
      <Filter>Source Files\Assignments</Filter>
    </ClCompile>
    <ClCompile Include="..\src\Primitives.cpp">
      <Filter>Source Files</Filter>
    </ClCompile>
    <ClCompile Include="..\src\Assignments\Lab04.cpp">
      <Filter>Source Files\Assignments</Filter>
    </ClCompile>
    <ClCompile Include="..\src\Assignments\Lab05.cpp">
      <Filter>Source Files\Assignments</Filter>
    </ClCompile>
    <ClCompile Include="..\src\Assignments\Lab06.cpp">
      <Filter>Source Files\Assignments</Filter>
    </ClCompile>
    <ClCompile Include="..\src\OpenGLRenderer.cpp">
      <Filter>Source Files</Filter>
    </ClCompile>
    <ClCompile Include="..\src\Assignments\Lab07.cpp">
      <Filter>Source Files\Assignments</Filter>
    </ClCompile>
    <ClCompile Include="..\src\Camera.cpp">
      <Filter>Source Files</Filter>
    </ClCompile>
    <ClCompile Include="..\src\Assignments\Project.cpp">
      <Filter>Source Files\Assignments</Filter>
    </ClCompile>
    <ClCompile Include="..\src\imgui\ImGuiFileDialog.cpp">
      <Filter>Source Files\imgui</Filter>
    </ClCompile>
  </ItemGroup>
</Project>